
Microsoft Visual Studio Solution File, Format Version 12.00
# Visual Studio Version 17
VisualStudioVersion = 17.14.36203.30
MinimumVisualStudioVersion = 10.0.40219.1
Project("{FAE04EC0-301F-11D3-BF4B-00C04F79EFBC}") = "GoldenFiberERP.API", "src\Presentation\GoldenFiberERP.API\GoldenFiberERP.API.csproj", "{FAE8E0B7-8D5C-46ED-8AAE-7F990C4A4883}"
EndProject
Project("{FAE04EC0-301F-11D3-BF4B-00C04F79EFBC}") = "GoldenFiberERP.Domain", "src\Core\GoldenFiberERP.Domain\GoldenFiberERP.Domain.csproj", "{D456F43F-BA9A-4C01-BE53-F03DCDEB10AE}"
EndProject
Project("{E53339B2-1760-4266-BCC7-CA923CBCF16C}") = "docker-compose", "docker-compose.dcproj", "{81DDED9D-158B-E303-5F62-77A2896D2A5A}"
EndProject
Global
	GlobalSection(SolutionConfigurationPlatforms) = preSolution
		Debug|Any CPU = Debug|Any CPU
		Release|Any CPU = Release|Any CPU
	EndGlobalSection
	GlobalSection(ProjectConfigurationPlatforms) = postSolution
		{FAE8E0B7-8D5C-46ED-8AAE-7F990C4A4883}.Debug|Any CPU.ActiveCfg = Debug|Any CPU
		{FAE8E0B7-8D5C-46ED-8AAE-7F990C4A4883}.Debug|Any CPU.Build.0 = Debug|Any CPU
		{FAE8E0B7-8D5C-46ED-8AAE-7F990C4A4883}.Release|Any CPU.ActiveCfg = Release|Any CPU
		{FAE8E0B7-8D5C-46ED-8AAE-7F990C4A4883}.Release|Any CPU.Build.0 = Release|Any CPU
		{D456F43F-BA9A-4C01-BE53-F03DCDEB10AE}.Debug|Any CPU.ActiveCfg = Debug|Any CPU
		{D456F43F-BA9A-4C01-BE53-F03DCDEB10AE}.Debug|Any CPU.Build.0 = Debug|Any CPU
		{D456F43F-BA9A-4C01-BE53-F03DCDEB10AE}.Release|Any CPU.ActiveCfg = Release|Any CPU
		{D456F43F-BA9A-4C01-BE53-F03DCDEB10AE}.Release|Any CPU.Build.0 = Release|Any CPU
		{81DDED9D-158B-E303-5F62-77A2896D2A5A}.Debug|Any CPU.ActiveCfg = Debug|Any CPU
		{81DDED9D-158B-E303-5F62-77A2896D2A5A}.Debug|Any CPU.Build.0 = Debug|Any CPU
		{81DDED9D-158B-E303-5F62-77A2896D2A5A}.Release|Any CPU.ActiveCfg = Release|Any CPU
		{81DDED9D-158B-E303-5F62-77A2896D2A5A}.Release|Any CPU.Build.0 = Release|Any CPU
	EndGlobalSection
	GlobalSection(SolutionProperties) = preSolution
		HideSolutionNode = FALSE
	EndGlobalSection
	GlobalSection(ExtensibilityGlobals) = postSolution
		SolutionGuid = {02E1769A-A8F2-496F-8A75-6F366207C31E}
	EndGlobalSection
EndGlobal
