
Microsoft Visual Studio Solution File, Format Version 12.00
# Visual Studio Version 17
VisualStudioVersion = 17.14.36203.30
MinimumVisualStudioVersion = 10.0.40219.1
Project("{FAE04EC0-301F-11D3-BF4B-00C04F79EFBC}") = "GoldenFiberERP.API", "src\Presentation\GoldenFiberERP.API\GoldenFiberERP.API.csproj", "{FAE8E0B7-8D5C-46ED-8AAE-7F990C4A4883}"
EndProject
Project("{FAE04EC0-301F-11D3-BF4B-00C04F79EFBC}") = "GoldenFiberERP.Domain", "src\Core\GoldenFiberERP.Domain\GoldenFiberERP.Domain.csproj", "{D456F43F-BA9A-4C01-BE53-F03DCDEB10AE}"
EndProject
Project("{E53339B2-1760-4266-BCC7-CA923CBCF16C}") = "docker-compose", "docker-compose.dcproj", "{81DDED9D-158B-E303-5F62-77A2896D2A5A}"
EndProject
Project("{FAE04EC0-301F-11D3-BF4B-00C04F79EFBC}") = "GoldenFiberERP.Application", "src\Core\GoldenFiberERP.Application\GoldenFiberERP.Application.csproj", "{35ABA291-1E7D-4B0C-BE93-B469D4C81011}"
EndProject
Project("{FAE04EC0-301F-11D3-BF4B-00C04F79EFBC}") = "GoldenFiberERP.Shared", "src\Core\GoldenFiberERP.Shared\GoldenFiberERP.Shared.csproj", "{0A79B950-054B-4C83-8857-0BC906E84955}"
EndProject
Project("{FAE04EC0-301F-11D3-BF4B-00C04F79EFBC}") = "GoldenFiberERP.Infrastructure", "src\Infrastructure\GoldenFiberERP.Infrastructure\GoldenFiberERP.Infrastructure.csproj", "{FFB1EB96-DF1A-4CB0-A586-5366F248CD9C}"
EndProject
Project("{FAE04EC0-301F-11D3-BF4B-00C04F79EFBC}") = "GoldenFiberERP.Persistence", "src\Infrastructure\GoldenFiberERP.Persistence\GoldenFiberERP.Persistence.csproj", "{7D86ADD9-4F27-4A0D-8781-416FDEB50B89}"
EndProject
Project("{2150E333-8FDC-42A3-9474-1A3956D46DE8}") = "src", "src", "{827E0CD3-B72D-47B6-A68D-7590B98EB39B}"
EndProject
Project("{2150E333-8FDC-42A3-9474-1A3956D46DE8}") = "CompositionRoot", "CompositionRoot", "{94405FAF-D93F-BF82-3C2F-652E789DCD1C}"
EndProject
Project("{FAE04EC0-301F-11D3-BF4B-00C04F79EFBC}") = "GoldenFiberERP.CompositionRoot", "src\CompositionRoot\GoldenFiberERP.CompositionRoot\GoldenFiberERP.CompositionRoot.csproj", "{AB5C2352-32D7-4DDA-AB33-60A7AFC7F558}"
EndProject
Global
	GlobalSection(SolutionConfigurationPlatforms) = preSolution
		Debug|Any CPU = Debug|Any CPU
		Debug|x64 = Debug|x64
		Debug|x86 = Debug|x86
		Release|Any CPU = Release|Any CPU
		Release|x64 = Release|x64
		Release|x86 = Release|x86
	EndGlobalSection
	GlobalSection(ProjectConfigurationPlatforms) = postSolution
		{FAE8E0B7-8D5C-46ED-8AAE-7F990C4A4883}.Debug|Any CPU.ActiveCfg = Debug|Any CPU
		{FAE8E0B7-8D5C-46ED-8AAE-7F990C4A4883}.Debug|Any CPU.Build.0 = Debug|Any CPU
		{FAE8E0B7-8D5C-46ED-8AAE-7F990C4A4883}.Debug|x64.ActiveCfg = Debug|Any CPU
		{FAE8E0B7-8D5C-46ED-8AAE-7F990C4A4883}.Debug|x64.Build.0 = Debug|Any CPU
		{FAE8E0B7-8D5C-46ED-8AAE-7F990C4A4883}.Debug|x86.ActiveCfg = Debug|Any CPU
		{FAE8E0B7-8D5C-46ED-8AAE-7F990C4A4883}.Debug|x86.Build.0 = Debug|Any CPU
		{FAE8E0B7-8D5C-46ED-8AAE-7F990C4A4883}.Release|Any CPU.ActiveCfg = Release|Any CPU
		{FAE8E0B7-8D5C-46ED-8AAE-7F990C4A4883}.Release|Any CPU.Build.0 = Release|Any CPU
		{FAE8E0B7-8D5C-46ED-8AAE-7F990C4A4883}.Release|x64.ActiveCfg = Release|Any CPU
		{FAE8E0B7-8D5C-46ED-8AAE-7F990C4A4883}.Release|x64.Build.0 = Release|Any CPU
		{FAE8E0B7-8D5C-46ED-8AAE-7F990C4A4883}.Release|x86.ActiveCfg = Release|Any CPU
		{FAE8E0B7-8D5C-46ED-8AAE-7F990C4A4883}.Release|x86.Build.0 = Release|Any CPU
		{D456F43F-BA9A-4C01-BE53-F03DCDEB10AE}.Debug|Any CPU.ActiveCfg = Debug|Any CPU
		{D456F43F-BA9A-4C01-BE53-F03DCDEB10AE}.Debug|Any CPU.Build.0 = Debug|Any CPU
		{D456F43F-BA9A-4C01-BE53-F03DCDEB10AE}.Debug|x64.ActiveCfg = Debug|Any CPU
		{D456F43F-BA9A-4C01-BE53-F03DCDEB10AE}.Debug|x64.Build.0 = Debug|Any CPU
		{D456F43F-BA9A-4C01-BE53-F03DCDEB10AE}.Debug|x86.ActiveCfg = Debug|Any CPU
		{D456F43F-BA9A-4C01-BE53-F03DCDEB10AE}.Debug|x86.Build.0 = Debug|Any CPU
		{D456F43F-BA9A-4C01-BE53-F03DCDEB10AE}.Release|Any CPU.ActiveCfg = Release|Any CPU
		{D456F43F-BA9A-4C01-BE53-F03DCDEB10AE}.Release|Any CPU.Build.0 = Release|Any CPU
		{D456F43F-BA9A-4C01-BE53-F03DCDEB10AE}.Release|x64.ActiveCfg = Release|Any CPU
		{D456F43F-BA9A-4C01-BE53-F03DCDEB10AE}.Release|x64.Build.0 = Release|Any CPU
		{D456F43F-BA9A-4C01-BE53-F03DCDEB10AE}.Release|x86.ActiveCfg = Release|Any CPU
		{D456F43F-BA9A-4C01-BE53-F03DCDEB10AE}.Release|x86.Build.0 = Release|Any CPU
		{81DDED9D-158B-E303-5F62-77A2896D2A5A}.Debug|Any CPU.ActiveCfg = Debug|Any CPU
		{81DDED9D-158B-E303-5F62-77A2896D2A5A}.Debug|Any CPU.Build.0 = Debug|Any CPU
		{81DDED9D-158B-E303-5F62-77A2896D2A5A}.Debug|x64.ActiveCfg = Debug|x64
		{81DDED9D-158B-E303-5F62-77A2896D2A5A}.Debug|x86.ActiveCfg = Debug|x86
		{81DDED9D-158B-E303-5F62-77A2896D2A5A}.Release|Any CPU.ActiveCfg = Release|Any CPU
		{81DDED9D-158B-E303-5F62-77A2896D2A5A}.Release|Any CPU.Build.0 = Release|Any CPU
		{81DDED9D-158B-E303-5F62-77A2896D2A5A}.Release|x64.ActiveCfg = Release|x64
		{81DDED9D-158B-E303-5F62-77A2896D2A5A}.Release|x86.ActiveCfg = Release|x86
		{35ABA291-1E7D-4B0C-BE93-B469D4C81011}.Debug|Any CPU.ActiveCfg = Debug|Any CPU
		{35ABA291-1E7D-4B0C-BE93-B469D4C81011}.Debug|Any CPU.Build.0 = Debug|Any CPU
		{35ABA291-1E7D-4B0C-BE93-B469D4C81011}.Debug|x64.ActiveCfg = Debug|Any CPU
		{35ABA291-1E7D-4B0C-BE93-B469D4C81011}.Debug|x64.Build.0 = Debug|Any CPU
		{35ABA291-1E7D-4B0C-BE93-B469D4C81011}.Debug|x86.ActiveCfg = Debug|Any CPU
		{35ABA291-1E7D-4B0C-BE93-B469D4C81011}.Debug|x86.Build.0 = Debug|Any CPU
		{35ABA291-1E7D-4B0C-BE93-B469D4C81011}.Release|Any CPU.ActiveCfg = Release|Any CPU
		{35ABA291-1E7D-4B0C-BE93-B469D4C81011}.Release|Any CPU.Build.0 = Release|Any CPU
		{35ABA291-1E7D-4B0C-BE93-B469D4C81011}.Release|x64.ActiveCfg = Release|Any CPU
		{35ABA291-1E7D-4B0C-BE93-B469D4C81011}.Release|x64.Build.0 = Release|Any CPU
		{35ABA291-1E7D-4B0C-BE93-B469D4C81011}.Release|x86.ActiveCfg = Release|Any CPU
		{35ABA291-1E7D-4B0C-BE93-B469D4C81011}.Release|x86.Build.0 = Release|Any CPU
		{0A79B950-054B-4C83-8857-0BC906E84955}.Debug|Any CPU.ActiveCfg = Debug|Any CPU
		{0A79B950-054B-4C83-8857-0BC906E84955}.Debug|Any CPU.Build.0 = Debug|Any CPU
		{0A79B950-054B-4C83-8857-0BC906E84955}.Debug|x64.ActiveCfg = Debug|Any CPU
		{0A79B950-054B-4C83-8857-0BC906E84955}.Debug|x64.Build.0 = Debug|Any CPU
		{0A79B950-054B-4C83-8857-0BC906E84955}.Debug|x86.ActiveCfg = Debug|Any CPU
		{0A79B950-054B-4C83-8857-0BC906E84955}.Debug|x86.Build.0 = Debug|Any CPU
		{0A79B950-054B-4C83-8857-0BC906E84955}.Release|Any CPU.ActiveCfg = Release|Any CPU
		{0A79B950-054B-4C83-8857-0BC906E84955}.Release|Any CPU.Build.0 = Release|Any CPU
		{0A79B950-054B-4C83-8857-0BC906E84955}.Release|x64.ActiveCfg = Release|Any CPU
		{0A79B950-054B-4C83-8857-0BC906E84955}.Release|x64.Build.0 = Release|Any CPU
		{0A79B950-054B-4C83-8857-0BC906E84955}.Release|x86.ActiveCfg = Release|Any CPU
		{0A79B950-054B-4C83-8857-0BC906E84955}.Release|x86.Build.0 = Release|Any CPU
		{FFB1EB96-DF1A-4CB0-A586-5366F248CD9C}.Debug|Any CPU.ActiveCfg = Debug|Any CPU
		{FFB1EB96-DF1A-4CB0-A586-5366F248CD9C}.Debug|Any CPU.Build.0 = Debug|Any CPU
		{FFB1EB96-DF1A-4CB0-A586-5366F248CD9C}.Debug|x64.ActiveCfg = Debug|Any CPU
		{FFB1EB96-DF1A-4CB0-A586-5366F248CD9C}.Debug|x64.Build.0 = Debug|Any CPU
		{FFB1EB96-DF1A-4CB0-A586-5366F248CD9C}.Debug|x86.ActiveCfg = Debug|Any CPU
		{FFB1EB96-DF1A-4CB0-A586-5366F248CD9C}.Debug|x86.Build.0 = Debug|Any CPU
		{FFB1EB96-DF1A-4CB0-A586-5366F248CD9C}.Release|Any CPU.ActiveCfg = Release|Any CPU
		{FFB1EB96-DF1A-4CB0-A586-5366F248CD9C}.Release|Any CPU.Build.0 = Release|Any CPU
		{FFB1EB96-DF1A-4CB0-A586-5366F248CD9C}.Release|x64.ActiveCfg = Release|Any CPU
		{FFB1EB96-DF1A-4CB0-A586-5366F248CD9C}.Release|x64.Build.0 = Release|Any CPU
		{FFB1EB96-DF1A-4CB0-A586-5366F248CD9C}.Release|x86.ActiveCfg = Release|Any CPU
		{FFB1EB96-DF1A-4CB0-A586-5366F248CD9C}.Release|x86.Build.0 = Release|Any CPU
		{7D86ADD9-4F27-4A0D-8781-416FDEB50B89}.Debug|Any CPU.ActiveCfg = Debug|Any CPU
		{7D86ADD9-4F27-4A0D-8781-416FDEB50B89}.Debug|Any CPU.Build.0 = Debug|Any CPU
		{7D86ADD9-4F27-4A0D-8781-416FDEB50B89}.Debug|x64.ActiveCfg = Debug|Any CPU
		{7D86ADD9-4F27-4A0D-8781-416FDEB50B89}.Debug|x64.Build.0 = Debug|Any CPU
		{7D86ADD9-4F27-4A0D-8781-416FDEB50B89}.Debug|x86.ActiveCfg = Debug|Any CPU
		{7D86ADD9-4F27-4A0D-8781-416FDEB50B89}.Debug|x86.Build.0 = Debug|Any CPU
		{7D86ADD9-4F27-4A0D-8781-416FDEB50B89}.Release|Any CPU.ActiveCfg = Release|Any CPU
		{7D86ADD9-4F27-4A0D-8781-416FDEB50B89}.Release|Any CPU.Build.0 = Release|Any CPU
		{7D86ADD9-4F27-4A0D-8781-416FDEB50B89}.Release|x64.ActiveCfg = Release|Any CPU
		{7D86ADD9-4F27-4A0D-8781-416FDEB50B89}.Release|x64.Build.0 = Release|Any CPU
		{7D86ADD9-4F27-4A0D-8781-416FDEB50B89}.Release|x86.ActiveCfg = Release|Any CPU
		{7D86ADD9-4F27-4A0D-8781-416FDEB50B89}.Release|x86.Build.0 = Release|Any CPU
		{AB5C2352-32D7-4DDA-AB33-60A7AFC7F558}.Debug|Any CPU.ActiveCfg = Debug|Any CPU
		{AB5C2352-32D7-4DDA-AB33-60A7AFC7F558}.Debug|Any CPU.Build.0 = Debug|Any CPU
		{AB5C2352-32D7-4DDA-AB33-60A7AFC7F558}.Debug|x64.ActiveCfg = Debug|Any CPU
		{AB5C2352-32D7-4DDA-AB33-60A7AFC7F558}.Debug|x64.Build.0 = Debug|Any CPU
		{AB5C2352-32D7-4DDA-AB33-60A7AFC7F558}.Debug|x86.ActiveCfg = Debug|Any CPU
		{AB5C2352-32D7-4DDA-AB33-60A7AFC7F558}.Debug|x86.Build.0 = Debug|Any CPU
		{AB5C2352-32D7-4DDA-AB33-60A7AFC7F558}.Release|Any CPU.ActiveCfg = Release|Any CPU
		{AB5C2352-32D7-4DDA-AB33-60A7AFC7F558}.Release|Any CPU.Build.0 = Release|Any CPU
		{AB5C2352-32D7-4DDA-AB33-60A7AFC7F558}.Release|x64.ActiveCfg = Release|Any CPU
		{AB5C2352-32D7-4DDA-AB33-60A7AFC7F558}.Release|x64.Build.0 = Release|Any CPU
		{AB5C2352-32D7-4DDA-AB33-60A7AFC7F558}.Release|x86.ActiveCfg = Release|Any CPU
		{AB5C2352-32D7-4DDA-AB33-60A7AFC7F558}.Release|x86.Build.0 = Release|Any CPU
	EndGlobalSection
	GlobalSection(SolutionProperties) = preSolution
		HideSolutionNode = FALSE
	EndGlobalSection
	GlobalSection(NestedProjects) = preSolution
		{94405FAF-D93F-BF82-3C2F-652E789DCD1C} = {827E0CD3-B72D-47B6-A68D-7590B98EB39B}
		{AB5C2352-32D7-4DDA-AB33-60A7AFC7F558} = {94405FAF-D93F-BF82-3C2F-652E789DCD1C}
	EndGlobalSection
	GlobalSection(ExtensibilityGlobals) = postSolution
		SolutionGuid = {02E1769A-A8F2-496F-8A75-6F366207C31E}
	EndGlobalSection
EndGlobal
